
Microsoft Visual Studio Solution File, Format Version 12.00
# Visual Studio Version 17
VisualStudioVersion = 17.11.35431.28
MinimumVisualStudioVersion = 10.0.40219.1
Project("{FAE04EC0-301F-11D3-BF4B-00C04F79EFBC}") = "EklundNov20", "EklundNov20.csproj", "{020DB324-90D2-4225-AFFC-8B0222D87E3B}"
EndProject
Global
	GlobalSection(SolutionConfigurationPlatforms) = preSolution
		Debug|Any CPU = Debug|Any CPU
		Release|Any CPU = Release|Any CPU
	EndGlobalSection
	GlobalSection(ProjectConfigurationPlatforms) = postSolution
		{020DB324-90D2-4225-AFFC-8B0222D87E3B}.Debug|Any CPU.ActiveCfg = Debug|Any CPU
		{020DB324-90D2-4225-AFFC-8B0222D87E3B}.Debug|Any CPU.Build.0 = Debug|Any CPU
		{020DB324-90D2-4225-AFFC-8B0222D87E3B}.Release|Any CPU.ActiveCfg = Release|Any CPU
		{020DB324-90D2-4225-AFFC-8B0222D87E3B}.Release|Any CPU.Build.0 = Release|Any CPU
	EndGlobalSection
	GlobalSection(SolutionProperties) = preSolution
		HideSolutionNode = FALSE
	EndGlobalSection
	GlobalSection(ExtensibilityGlobals) = postSolution
		SolutionGuid = {1F925C65-AE0E-4908-AA26-725EA19C25F1}
	EndGlobalSection
EndGlobal
